
Microsoft Visual Studio Solution File, Format Version 12.00
# Visual Studio Version 16
VisualStudioVersion = 16.0.29728.190
MinimumVisualStudioVersion = 10.0.40219.1
Project("{FAE04EC0-301F-11D3-BF4B-00C04F79EFBC}") = "ComputerGraphicOpenGL", "ComputerGraphicOpenGL\ComputerGraphicOpenGL.csproj", "{66219A5F-5143-44E4-BE36-D2D8B15BC217}"
EndProject
Global
	GlobalSection(SolutionConfigurationPlatforms) = preSolution
		Debug|Any CPU = Debug|Any CPU
		Release|Any CPU = Release|Any CPU
	EndGlobalSection
	GlobalSection(ProjectConfigurationPlatforms) = postSolution
		{66219A5F-5143-44E4-BE36-D2D8B15BC217}.Debug|Any CPU.ActiveCfg = Debug|Any CPU
		{66219A5F-5143-44E4-BE36-D2D8B15BC217}.Debug|Any CPU.Build.0 = Debug|Any CPU
		{66219A5F-5143-44E4-BE36-D2D8B15BC217}.Release|Any CPU.ActiveCfg = Release|Any CPU
		{66219A5F-5143-44E4-BE36-D2D8B15BC217}.Release|Any CPU.Build.0 = Release|Any CPU
	EndGlobalSection
	GlobalSection(SolutionProperties) = preSolution
		HideSolutionNode = FALSE
	EndGlobalSection
	GlobalSection(ExtensibilityGlobals) = postSolution
		SolutionGuid = {FF56646B-E334-45FD-A0B4-106BF94E6559}
	EndGlobalSection
EndGlobal
